
Microsoft Visual Studio Solution File, Format Version 12.00
# Visual Studio Version 16
VisualStudioVersion = 16.0.30717.126
MinimumVisualStudioVersion = 10.0.40219.1
Project("{FAE04EC0-301F-11D3-BF4B-00C04F79EFBC}") = "CoffeeMachine.Client", "CoffeeMachine.Client\CoffeeMachine.Client.csproj", "{5DACF58E-D960-442A-841D-F90BC8F2FCAD}"
EndProject
Project("{FAE04EC0-301F-11D3-BF4B-00C04F79EFBC}") = "CoffeeMachine.Service", "CoffeeMachine.Service\CoffeeMachine.Service.csproj", "{8BEB43D1-E388-4616-B2BC-A9BB23A72BE6}"
EndProject
Project("{FAE04EC0-301F-11D3-BF4B-00C04F79EFBC}") = "CoffeeMachine.Models", "CoffeeMachine.Models\CoffeeMachine.Models.csproj", "{14021B63-CE1D-44F3-B5E6-7EF46F273675}"
EndProject
Project("{FAE04EC0-301F-11D3-BF4B-00C04F79EFBC}") = "CoffeeMachine.Test", "CoffeeMachine.Test\CoffeeMachine.Test.csproj", "{683A809F-CD18-4292-B0D2-C0CBA6843C0E}"
EndProject
Global
	GlobalSection(SolutionConfigurationPlatforms) = preSolution
		Debug|Any CPU = Debug|Any CPU
		Release|Any CPU = Release|Any CPU
	EndGlobalSection
	GlobalSection(ProjectConfigurationPlatforms) = postSolution
		{5DACF58E-D960-442A-841D-F90BC8F2FCAD}.Debug|Any CPU.ActiveCfg = Debug|Any CPU
		{5DACF58E-D960-442A-841D-F90BC8F2FCAD}.Debug|Any CPU.Build.0 = Debug|Any CPU
		{5DACF58E-D960-442A-841D-F90BC8F2FCAD}.Release|Any CPU.ActiveCfg = Release|Any CPU
		{5DACF58E-D960-442A-841D-F90BC8F2FCAD}.Release|Any CPU.Build.0 = Release|Any CPU
		{8BEB43D1-E388-4616-B2BC-A9BB23A72BE6}.Debug|Any CPU.ActiveCfg = Debug|Any CPU
		{8BEB43D1-E388-4616-B2BC-A9BB23A72BE6}.Debug|Any CPU.Build.0 = Debug|Any CPU
		{8BEB43D1-E388-4616-B2BC-A9BB23A72BE6}.Release|Any CPU.ActiveCfg = Release|Any CPU
		{8BEB43D1-E388-4616-B2BC-A9BB23A72BE6}.Release|Any CPU.Build.0 = Release|Any CPU
		{14021B63-CE1D-44F3-B5E6-7EF46F273675}.Debug|Any CPU.ActiveCfg = Debug|Any CPU
		{14021B63-CE1D-44F3-B5E6-7EF46F273675}.Debug|Any CPU.Build.0 = Debug|Any CPU
		{14021B63-CE1D-44F3-B5E6-7EF46F273675}.Release|Any CPU.ActiveCfg = Release|Any CPU
		{14021B63-CE1D-44F3-B5E6-7EF46F273675}.Release|Any CPU.Build.0 = Release|Any CPU
		{683A809F-CD18-4292-B0D2-C0CBA6843C0E}.Debug|Any CPU.ActiveCfg = Debug|Any CPU
		{683A809F-CD18-4292-B0D2-C0CBA6843C0E}.Debug|Any CPU.Build.0 = Debug|Any CPU
		{683A809F-CD18-4292-B0D2-C0CBA6843C0E}.Release|Any CPU.ActiveCfg = Release|Any CPU
		{683A809F-CD18-4292-B0D2-C0CBA6843C0E}.Release|Any CPU.Build.0 = Release|Any CPU
	EndGlobalSection
	GlobalSection(SolutionProperties) = preSolution
		HideSolutionNode = FALSE
	EndGlobalSection
	GlobalSection(ExtensibilityGlobals) = postSolution
		SolutionGuid = {534C9539-1969-45C5-B5FF-9F2913CD3EA1}
	EndGlobalSection
EndGlobal
