
Microsoft Visual Studio Solution File, Format Version 12.00
# Visual Studio 15
VisualStudioVersion = 15.0.27703.2042
MinimumVisualStudioVersion = 10.0.40219.1
Project("{FAE04EC0-301F-11D3-BF4B-00C04F79EFBC}") = "CoffeeMachine.Client", "CoffeeMachine.Client\CoffeeMachine.Client.csproj", "{5DACF58E-D960-442A-841D-F90BC8F2FCAD}"
EndProject
Global
	GlobalSection(SolutionConfigurationPlatforms) = preSolution
		Debug|Any CPU = Debug|Any CPU
		Release|Any CPU = Release|Any CPU
	EndGlobalSection
	GlobalSection(ProjectConfigurationPlatforms) = postSolution
		{5DACF58E-D960-442A-841D-F90BC8F2FCAD}.Debug|Any CPU.ActiveCfg = Debug|Any CPU
		{5DACF58E-D960-442A-841D-F90BC8F2FCAD}.Debug|Any CPU.Build.0 = Debug|Any CPU
		{5DACF58E-D960-442A-841D-F90BC8F2FCAD}.Release|Any CPU.ActiveCfg = Release|Any CPU
		{5DACF58E-D960-442A-841D-F90BC8F2FCAD}.Release|Any CPU.Build.0 = Release|Any CPU
	EndGlobalSection
	GlobalSection(SolutionProperties) = preSolution
		HideSolutionNode = FALSE
	EndGlobalSection
	GlobalSection(ExtensibilityGlobals) = postSolution
		SolutionGuid = {534C9539-1969-45C5-B5FF-9F2913CD3EA1}
	EndGlobalSection
EndGlobal
